// !$*UTF8*$!
{
	archiveVersion = 1;
	classes = {
	};
	objectVersion = 56;
	objects = {

/* Begin PBXBuildFile section */
		05B5AAD821E2E39DB9310C6A /* Pods_iTunes.framework in Frameworks */ = {isa = PBXBuildFile; fileRef = 69E37E98A61904DCB66E15FA /* Pods_iTunes.framework */; };
		BC14388429CDF82C000A7F4D /* AppDelegate.swift in Sources */ = {isa = PBXBuildFile; fileRef = BC14388329CDF82C000A7F4D /* AppDelegate.swift */; };
		BC14388629CDF82C000A7F4D /* SceneDelegate.swift in Sources */ = {isa = PBXBuildFile; fileRef = BC14388529CDF82C000A7F4D /* SceneDelegate.swift */; };
		BC14388829CDF82C000A7F4D /* ViewController.swift in Sources */ = {isa = PBXBuildFile; fileRef = BC14388729CDF82C000A7F4D /* ViewController.swift */; };
		BC14388D29CDF830000A7F4D /* Assets.xcassets in Resources */ = {isa = PBXBuildFile; fileRef = BC14388C29CDF830000A7F4D /* Assets.xcassets */; };
		BC14389029CDF830000A7F4D /* LaunchScreen.storyboard in Resources */ = {isa = PBXBuildFile; fileRef = BC14388E29CDF830000A7F4D /* LaunchScreen.storyboard */; };
		BC14389929CDFAE6000A7F4D /* RequestModel.swift in Sources */ = {isa = PBXBuildFile; fileRef = BC14389829CDFAE6000A7F4D /* RequestModel.swift */; };
		BC14389D29CDFB1B000A7F4D /* LoadingManager.swift in Sources */ = {isa = PBXBuildFile; fileRef = BC14389B29CDFB1B000A7F4D /* LoadingManager.swift */; };
		BC14389E29CDFB1B000A7F4D /* UserDefaultsManager.swift in Sources */ = {isa = PBXBuildFile; fileRef = BC14389C29CDFB1B000A7F4D /* UserDefaultsManager.swift */; };
		BC1438A129CDFB23000A7F4D /* SearchViewModel.swift in Sources */ = {isa = PBXBuildFile; fileRef = BC1438A029CDFB23000A7F4D /* SearchViewModel.swift */; };
		BC1438AE29CDFB5F000A7F4D /* SearchViewContoller.swift in Sources */ = {isa = PBXBuildFile; fileRef = BC1438AB29CDFB5F000A7F4D /* SearchViewContoller.swift */; };
		BC1438AF29CDFB5F000A7F4D /* SearchCollectionViewCell.swift in Sources */ = {isa = PBXBuildFile; fileRef = BC1438AD29CDFB5F000A7F4D /* SearchCollectionViewCell.swift */; };
		BC1438B829CDFBE8000A7F4D /* UI+Ext.swift in Sources */ = {isa = PBXBuildFile; fileRef = BC1438B729CDFBE8000A7F4D /* UI+Ext.swift */; };
		BC1438C029CDFDB2000A7F4D /* APIRouter.swift in Sources */ = {isa = PBXBuildFile; fileRef = BC1438BC29CDFDB2000A7F4D /* APIRouter.swift */; };
		BC1438C129CDFDB2000A7F4D /* MediaType.swift in Sources */ = {isa = PBXBuildFile; fileRef = BC1438BD29CDFDB2000A7F4D /* MediaType.swift */; };
		BC1438C229CDFDB2000A7F4D /* ServiceConfiguration.swift in Sources */ = {isa = PBXBuildFile; fileRef = BC1438BE29CDFDB2000A7F4D /* ServiceConfiguration.swift */; };
		BC1438C329CDFDB2000A7F4D /* API.swift in Sources */ = {isa = PBXBuildFile; fileRef = BC1438BF29CDFDB2000A7F4D /* API.swift */; };
		BC1438C829D2E1A2000A7F4D /* SearchDetailViewController.swift in Sources */ = {isa = PBXBuildFile; fileRef = BC1438C729D2E1A2000A7F4D /* SearchDetailViewController.swift */; };
		BC1438CA29D2E70E000A7F4D /* DetailViewModel.swift in Sources */ = {isa = PBXBuildFile; fileRef = BC1438C929D2E70E000A7F4D /* DetailViewModel.swift */; };
		BC1438CC29D2EB5B000A7F4D /* String+Ext.swift in Sources */ = {isa = PBXBuildFile; fileRef = BC1438CB29D2EB5B000A7F4D /* String+Ext.swift */; };
/* End PBXBuildFile section */

/* Begin PBXFileReference section */
		577EB358AA081B28C824A744 /* Pods-iTunes.debug.xcconfig */ = {isa = PBXFileReference; includeInIndex = 1; lastKnownFileType = text.xcconfig; name = "Pods-iTunes.debug.xcconfig"; path = "Target Support Files/Pods-iTunes/Pods-iTunes.debug.xcconfig"; sourceTree = "<group>"; };
		69E37E98A61904DCB66E15FA /* Pods_iTunes.framework */ = {isa = PBXFileReference; explicitFileType = wrapper.framework; includeInIndex = 0; path = Pods_iTunes.framework; sourceTree = BUILT_PRODUCTS_DIR; };
		BC14388029CDF82C000A7F4D /* iTunes.app */ = {isa = PBXFileReference; explicitFileType = wrapper.application; includeInIndex = 0; path = iTunes.app; sourceTree = BUILT_PRODUCTS_DIR; };
		BC14388329CDF82C000A7F4D /* AppDelegate.swift */ = {isa = PBXFileReference; lastKnownFileType = sourcecode.swift; path = AppDelegate.swift; sourceTree = "<group>"; };
		BC14388529CDF82C000A7F4D /* SceneDelegate.swift */ = {isa = PBXFileReference; lastKnownFileType = sourcecode.swift; path = SceneDelegate.swift; sourceTree = "<group>"; };
		BC14388729CDF82C000A7F4D /* ViewController.swift */ = {isa = PBXFileReference; lastKnownFileType = sourcecode.swift; path = ViewController.swift; sourceTree = "<group>"; };
		BC14388C29CDF830000A7F4D /* Assets.xcassets */ = {isa = PBXFileReference; lastKnownFileType = folder.assetcatalog; path = Assets.xcassets; sourceTree = "<group>"; };
		BC14388F29CDF830000A7F4D /* Base */ = {isa = PBXFileReference; lastKnownFileType = file.storyboard; name = Base; path = Base.lproj/LaunchScreen.storyboard; sourceTree = "<group>"; };
		BC14389129CDF830000A7F4D /* Info.plist */ = {isa = PBXFileReference; lastKnownFileType = text.plist.xml; path = Info.plist; sourceTree = "<group>"; };
		BC14389829CDFAE6000A7F4D /* RequestModel.swift */ = {isa = PBXFileReference; fileEncoding = 4; lastKnownFileType = sourcecode.swift; path = RequestModel.swift; sourceTree = "<group>"; };
		BC14389B29CDFB1B000A7F4D /* LoadingManager.swift */ = {isa = PBXFileReference; fileEncoding = 4; lastKnownFileType = sourcecode.swift; path = LoadingManager.swift; sourceTree = "<group>"; };
		BC14389C29CDFB1B000A7F4D /* UserDefaultsManager.swift */ = {isa = PBXFileReference; fileEncoding = 4; lastKnownFileType = sourcecode.swift; path = UserDefaultsManager.swift; sourceTree = "<group>"; };
		BC1438A029CDFB23000A7F4D /* SearchViewModel.swift */ = {isa = PBXFileReference; fileEncoding = 4; lastKnownFileType = sourcecode.swift; path = SearchViewModel.swift; sourceTree = "<group>"; };
		BC1438AB29CDFB5F000A7F4D /* SearchViewContoller.swift */ = {isa = PBXFileReference; fileEncoding = 4; lastKnownFileType = sourcecode.swift; path = SearchViewContoller.swift; sourceTree = "<group>"; };
		BC1438AD29CDFB5F000A7F4D /* SearchCollectionViewCell.swift */ = {isa = PBXFileReference; fileEncoding = 4; lastKnownFileType = sourcecode.swift; path = SearchCollectionViewCell.swift; sourceTree = "<group>"; };
		BC1438B729CDFBE8000A7F4D /* UI+Ext.swift */ = {isa = PBXFileReference; fileEncoding = 4; lastKnownFileType = sourcecode.swift; path = "UI+Ext.swift"; sourceTree = "<group>"; };
		BC1438BC29CDFDB2000A7F4D /* APIRouter.swift */ = {isa = PBXFileReference; fileEncoding = 4; lastKnownFileType = sourcecode.swift; path = APIRouter.swift; sourceTree = "<group>"; };
		BC1438BD29CDFDB2000A7F4D /* MediaType.swift */ = {isa = PBXFileReference; fileEncoding = 4; lastKnownFileType = sourcecode.swift; path = MediaType.swift; sourceTree = "<group>"; };
		BC1438BE29CDFDB2000A7F4D /* ServiceConfiguration.swift */ = {isa = PBXFileReference; fileEncoding = 4; lastKnownFileType = sourcecode.swift; path = ServiceConfiguration.swift; sourceTree = "<group>"; };
		BC1438BF29CDFDB2000A7F4D /* API.swift */ = {isa = PBXFileReference; fileEncoding = 4; lastKnownFileType = sourcecode.swift; path = API.swift; sourceTree = "<group>"; };
		BC1438C729D2E1A2000A7F4D /* SearchDetailViewController.swift */ = {isa = PBXFileReference; lastKnownFileType = sourcecode.swift; path = SearchDetailViewController.swift; sourceTree = "<group>"; };
		BC1438C929D2E70E000A7F4D /* DetailViewModel.swift */ = {isa = PBXFileReference; lastKnownFileType = sourcecode.swift; path = DetailViewModel.swift; sourceTree = "<group>"; };
		BC1438CB29D2EB5B000A7F4D /* String+Ext.swift */ = {isa = PBXFileReference; lastKnownFileType = sourcecode.swift; path = "String+Ext.swift"; sourceTree = "<group>"; };
		FFD07F43B6A0E0AA1EEE39E9 /* Pods-iTunes.release.xcconfig */ = {isa = PBXFileReference; includeInIndex = 1; lastKnownFileType = text.xcconfig; name = "Pods-iTunes.release.xcconfig"; path = "Target Support Files/Pods-iTunes/Pods-iTunes.release.xcconfig"; sourceTree = "<group>"; };
/* End PBXFileReference section */

/* Begin PBXFrameworksBuildPhase section */
		BC14387D29CDF82C000A7F4D /* Frameworks */ = {
			isa = PBXFrameworksBuildPhase;
			buildActionMask = 2147483647;
			files = (
				05B5AAD821E2E39DB9310C6A /* Pods_iTunes.framework in Frameworks */,
			);
			runOnlyForDeploymentPostprocessing = 0;
		};
/* End PBXFrameworksBuildPhase section */

/* Begin PBXGroup section */
		BC14387729CDF82C000A7F4D = {
			isa = PBXGroup;
			children = (
				BC14388229CDF82C000A7F4D /* iTunes */,
				BC14388129CDF82C000A7F4D /* Products */,
				BC1438B029CDFBC6000A7F4D /* Frameworks */,
				E2F931144E53C9A18CC250A7 /* Pods */,
			);
			sourceTree = "<group>";
		};
		BC14388129CDF82C000A7F4D /* Products */ = {
			isa = PBXGroup;
			children = (
				BC14388029CDF82C000A7F4D /* iTunes.app */,
			);
			name = Products;
			sourceTree = "<group>";
		};
		BC14388229CDF82C000A7F4D /* iTunes */ = {
			isa = PBXGroup;
			children = (
				BC1438B929CDFC03000A7F4D /* Core */,
				BC1438A929CDFB5F000A7F4D /* View */,
				BC14389F29CDFB23000A7F4D /* ViewModel */,
				BC14389729CDFAE6000A7F4D /* Model */,
				BC1438BB29CDFDB2000A7F4D /* Service */,
				BC14389A29CDFB1B000A7F4D /* Managers */,
				BC1438B629CDFBE8000A7F4D /* Extension */,
				BC14389129CDF830000A7F4D /* Info.plist */,
			);
			path = iTunes;
			sourceTree = "<group>";
		};
		BC14389729CDFAE6000A7F4D /* Model */ = {
			isa = PBXGroup;
			children = (
				BC14389829CDFAE6000A7F4D /* RequestModel.swift */,
			);
			path = Model;
			sourceTree = "<group>";
		};
		BC14389A29CDFB1B000A7F4D /* Managers */ = {
			isa = PBXGroup;
			children = (
				BC14389B29CDFB1B000A7F4D /* LoadingManager.swift */,
				BC14389C29CDFB1B000A7F4D /* UserDefaultsManager.swift */,
			);
			path = Managers;
			sourceTree = "<group>";
		};
		BC14389F29CDFB23000A7F4D /* ViewModel */ = {
			isa = PBXGroup;
			children = (
				BC1438A029CDFB23000A7F4D /* SearchViewModel.swift */,
				BC1438C929D2E70E000A7F4D /* DetailViewModel.swift */,
			);
			path = ViewModel;
			sourceTree = "<group>";
		};
		BC1438A929CDFB5F000A7F4D /* View */ = {
			isa = PBXGroup;
			children = (
				BC1438AA29CDFB5F000A7F4D /* Home */,
				BC1438C629D2E186000A7F4D /* Detail */,
				BC1438AC29CDFB5F000A7F4D /* Cells */,
			);
			path = View;
			sourceTree = "<group>";
		};
		BC1438AA29CDFB5F000A7F4D /* Home */ = {
			isa = PBXGroup;
			children = (
				BC1438AB29CDFB5F000A7F4D /* SearchViewContoller.swift */,
			);
			path = Home;
			sourceTree = "<group>";
		};
		BC1438AC29CDFB5F000A7F4D /* Cells */ = {
			isa = PBXGroup;
			children = (
				BC1438AD29CDFB5F000A7F4D /* SearchCollectionViewCell.swift */,
			);
			path = Cells;
			sourceTree = "<group>";
		};
		BC1438B029CDFBC6000A7F4D /* Frameworks */ = {
			isa = PBXGroup;
			children = (
				69E37E98A61904DCB66E15FA /* Pods_iTunes.framework */,
			);
			name = Frameworks;
			sourceTree = "<group>";
		};
		BC1438B629CDFBE8000A7F4D /* Extension */ = {
			isa = PBXGroup;
			children = (
				BC1438B729CDFBE8000A7F4D /* UI+Ext.swift */,
				BC1438CB29D2EB5B000A7F4D /* String+Ext.swift */,
			);
			path = Extension;
			sourceTree = "<group>";
		};
		BC1438B929CDFC03000A7F4D /* Core */ = {
			isa = PBXGroup;
			children = (
				BC14388329CDF82C000A7F4D /* AppDelegate.swift */,
				BC14388529CDF82C000A7F4D /* SceneDelegate.swift */,
				BC14388729CDF82C000A7F4D /* ViewController.swift */,
				BC14388C29CDF830000A7F4D /* Assets.xcassets */,
				BC14388E29CDF830000A7F4D /* LaunchScreen.storyboard */,
			);
			path = Core;
			sourceTree = "<group>";
		};
		BC1438BB29CDFDB2000A7F4D /* Service */ = {
			isa = PBXGroup;
			children = (
				BC1438BC29CDFDB2000A7F4D /* APIRouter.swift */,
				BC1438BD29CDFDB2000A7F4D /* MediaType.swift */,
				BC1438BE29CDFDB2000A7F4D /* ServiceConfiguration.swift */,
				BC1438BF29CDFDB2000A7F4D /* API.swift */,
			);
			path = Service;
			sourceTree = "<group>";
		};
		BC1438C629D2E186000A7F4D /* Detail */ = {
			isa = PBXGroup;
			children = (
				BC1438C729D2E1A2000A7F4D /* SearchDetailViewController.swift */,
			);
			path = Detail;
			sourceTree = "<group>";
		};
		E2F931144E53C9A18CC250A7 /* Pods */ = {
			isa = PBXGroup;
			children = (
				577EB358AA081B28C824A744 /* Pods-iTunes.debug.xcconfig */,
				FFD07F43B6A0E0AA1EEE39E9 /* Pods-iTunes.release.xcconfig */,
			);
			path = Pods;
			sourceTree = "<group>";
		};
/* End PBXGroup section */

/* Begin PBXNativeTarget section */
		BC14387F29CDF82C000A7F4D /* iTunes */ = {
			isa = PBXNativeTarget;
			buildConfigurationList = BC14389429CDF830000A7F4D /* Build configuration list for PBXNativeTarget "iTunes" */;
			buildPhases = (
				48D97C0CFEE3BA818C05D636 /* [CP] Check Pods Manifest.lock */,
				BC14387C29CDF82C000A7F4D /* Sources */,
				BC14387D29CDF82C000A7F4D /* Frameworks */,
				BC14387E29CDF82C000A7F4D /* Resources */,
				3D4B9FAD3B3094BCC9273349 /* [CP] Embed Pods Frameworks */,
			);
			buildRules = (
			);
			dependencies = (
			);
			name = iTunes;
			productName = iTunes;
			productReference = BC14388029CDF82C000A7F4D /* iTunes.app */;
			productType = "com.apple.product-type.application";
		};
/* End PBXNativeTarget section */

/* Begin PBXProject section */
		BC14387829CDF82C000A7F4D /* Project object */ = {
			isa = PBXProject;
			attributes = {
				BuildIndependentTargetsInParallel = 1;
				LastSwiftUpdateCheck = 1420;
				LastUpgradeCheck = 1420;
				TargetAttributes = {
					BC14387F29CDF82C000A7F4D = {
						CreatedOnToolsVersion = 14.2;
					};
				};
			};
			buildConfigurationList = BC14387B29CDF82C000A7F4D /* Build configuration list for PBXProject "iTunes" */;
			compatibilityVersion = "Xcode 14.0";
			developmentRegion = en;
			hasScannedForEncodings = 0;
			knownRegions = (
				en,
				Base,
			);
			mainGroup = BC14387729CDF82C000A7F4D;
			productRefGroup = BC14388129CDF82C000A7F4D /* Products */;
			projectDirPath = "";
			projectRoot = "";
			targets = (
				BC14387F29CDF82C000A7F4D /* iTunes */,
			);
		};
/* End PBXProject section */

/* Begin PBXResourcesBuildPhase section */
		BC14387E29CDF82C000A7F4D /* Resources */ = {
			isa = PBXResourcesBuildPhase;
			buildActionMask = 2147483647;
			files = (
				BC14389029CDF830000A7F4D /* LaunchScreen.storyboard in Resources */,
				BC14388D29CDF830000A7F4D /* Assets.xcassets in Resources */,
			);
			runOnlyForDeploymentPostprocessing = 0;
		};
/* End PBXResourcesBuildPhase section */

/* Begin PBXShellScriptBuildPhase section */
		3D4B9FAD3B3094BCC9273349 /* [CP] Embed Pods Frameworks */ = {
			isa = PBXShellScriptBuildPhase;
			buildActionMask = 2147483647;
			files = (
			);
			inputFileListPaths = (
				"${PODS_ROOT}/Target Support Files/Pods-iTunes/Pods-iTunes-frameworks-${CONFIGURATION}-input-files.xcfilelist",
			);
			name = "[CP] Embed Pods Frameworks";
			outputFileListPaths = (
				"${PODS_ROOT}/Target Support Files/Pods-iTunes/Pods-iTunes-frameworks-${CONFIGURATION}-output-files.xcfilelist",
			);
			runOnlyForDeploymentPostprocessing = 0;
			shellPath = /bin/sh;
			shellScript = "\"${PODS_ROOT}/Target Support Files/Pods-iTunes/Pods-iTunes-frameworks.sh\"\n";
			showEnvVarsInLog = 0;
		};
		48D97C0CFEE3BA818C05D636 /* [CP] Check Pods Manifest.lock */ = {
			isa = PBXShellScriptBuildPhase;
			buildActionMask = 2147483647;
			files = (
			);
			inputFileListPaths = (
			);
			inputPaths = (
				"${PODS_PODFILE_DIR_PATH}/Podfile.lock",
				"${PODS_ROOT}/Manifest.lock",
			);
			name = "[CP] Check Pods Manifest.lock";
			outputFileListPaths = (
			);
			outputPaths = (
				"$(DERIVED_FILE_DIR)/Pods-iTunes-checkManifestLockResult.txt",
			);
			runOnlyForDeploymentPostprocessing = 0;
			shellPath = /bin/sh;
			shellScript = "diff \"${PODS_PODFILE_DIR_PATH}/Podfile.lock\" \"${PODS_ROOT}/Manifest.lock\" > /dev/null\nif [ $? != 0 ] ; then\n    # print error to STDERR\n    echo \"error: The sandbox is not in sync with the Podfile.lock. Run 'pod install' or update your CocoaPods installation.\" >&2\n    exit 1\nfi\n# This output is used by Xcode 'outputs' to avoid re-running this script phase.\necho \"SUCCESS\" > \"${SCRIPT_OUTPUT_FILE_0}\"\n";
			showEnvVarsInLog = 0;
		};
/* End PBXShellScriptBuildPhase section */

/* Begin PBXSourcesBuildPhase section */
		BC14387C29CDF82C000A7F4D /* Sources */ = {
			isa = PBXSourcesBuildPhase;
			buildActionMask = 2147483647;
			files = (
				BC1438C129CDFDB2000A7F4D /* MediaType.swift in Sources */,
				BC1438C829D2E1A2000A7F4D /* SearchDetailViewController.swift in Sources */,
				BC1438CC29D2EB5B000A7F4D /* String+Ext.swift in Sources */,
				BC1438AE29CDFB5F000A7F4D /* SearchViewContoller.swift in Sources */,
				BC14389D29CDFB1B000A7F4D /* LoadingManager.swift in Sources */,
				BC1438A129CDFB23000A7F4D /* SearchViewModel.swift in Sources */,
				BC14388829CDF82C000A7F4D /* ViewController.swift in Sources */,
				BC14389E29CDFB1B000A7F4D /* UserDefaultsManager.swift in Sources */,
				BC1438C329CDFDB2000A7F4D /* API.swift in Sources */,
				BC1438B829CDFBE8000A7F4D /* UI+Ext.swift in Sources */,
				BC1438C229CDFDB2000A7F4D /* ServiceConfiguration.swift in Sources */,
				BC14388429CDF82C000A7F4D /* AppDelegate.swift in Sources */,
				BC1438C029CDFDB2000A7F4D /* APIRouter.swift in Sources */,
				BC14388629CDF82C000A7F4D /* SceneDelegate.swift in Sources */,
				BC14389929CDFAE6000A7F4D /* RequestModel.swift in Sources */,
				BC1438AF29CDFB5F000A7F4D /* SearchCollectionViewCell.swift in Sources */,
				BC1438CA29D2E70E000A7F4D /* DetailViewModel.swift in Sources */,
			);
			runOnlyForDeploymentPostprocessing = 0;
		};
/* End PBXSourcesBuildPhase section */

/* Begin PBXVariantGroup section */
		BC14388E29CDF830000A7F4D /* LaunchScreen.storyboard */ = {
			isa = PBXVariantGroup;
			children = (
				BC14388F29CDF830000A7F4D /* Base */,
			);
			name = LaunchScreen.storyboard;
			sourceTree = "<group>";
		};
/* End PBXVariantGroup section */

/* Begin XCBuildConfiguration section */
		BC14389229CDF830000A7F4D /* Debug */ = {
			isa = XCBuildConfiguration;
			buildSettings = {
				ALWAYS_SEARCH_USER_PATHS = NO;
				CLANG_ANALYZER_NONNULL = YES;
				CLANG_ANALYZER_NUMBER_OBJECT_CONVERSION = YES_AGGRESSIVE;
				CLANG_CXX_LANGUAGE_STANDARD = "gnu++20";
				CLANG_ENABLE_MODULES = YES;
				CLANG_ENABLE_OBJC_ARC = YES;
				CLANG_ENABLE_OBJC_WEAK = YES;
				CLANG_WARN_BLOCK_CAPTURE_AUTORELEASING = YES;
				CLANG_WARN_BOOL_CONVERSION = YES;
				CLANG_WARN_COMMA = YES;
				CLANG_WARN_CONSTANT_CONVERSION = YES;
				CLANG_WARN_DEPRECATED_OBJC_IMPLEMENTATIONS = YES;
				CLANG_WARN_DIRECT_OBJC_ISA_USAGE = YES_ERROR;
				CLANG_WARN_DOCUMENTATION_COMMENTS = YES;
				CLANG_WARN_EMPTY_BODY = YES;
				CLANG_WARN_ENUM_CONVERSION = YES;
				CLANG_WARN_INFINITE_RECURSION = YES;
				CLANG_WARN_INT_CONVERSION = YES;
				CLANG_WARN_NON_LITERAL_NULL_CONVERSION = YES;
				CLANG_WARN_OBJC_IMPLICIT_RETAIN_SELF = YES;
				CLANG_WARN_OBJC_LITERAL_CONVERSION = YES;
				CLANG_WARN_OBJC_ROOT_CLASS = YES_ERROR;
				CLANG_WARN_QUOTED_INCLUDE_IN_FRAMEWORK_HEADER = YES;
				CLANG_WARN_RANGE_LOOP_ANALYSIS = YES;
				CLANG_WARN_STRICT_PROTOTYPES = YES;
				CLANG_WARN_SUSPICIOUS_MOVE = YES;
				CLANG_WARN_UNGUARDED_AVAILABILITY = YES_AGGRESSIVE;
				CLANG_WARN_UNREACHABLE_CODE = YES;
				CLANG_WARN__DUPLICATE_METHOD_MATCH = YES;
				COPY_PHASE_STRIP = NO;
				DEBUG_INFORMATION_FORMAT = dwarf;
				ENABLE_STRICT_OBJC_MSGSEND = YES;
				ENABLE_TESTABILITY = YES;
				GCC_C_LANGUAGE_STANDARD = gnu11;
				GCC_DYNAMIC_NO_PIC = NO;
				GCC_NO_COMMON_BLOCKS = YES;
				GCC_OPTIMIZATION_LEVEL = 0;
				GCC_PREPROCESSOR_DEFINITIONS = (
					"DEBUG=1",
					"$(inherited)",
				);
				GCC_WARN_64_TO_32_BIT_CONVERSION = YES;
				GCC_WARN_ABOUT_RETURN_TYPE = YES_ERROR;
				GCC_WARN_UNDECLARED_SELECTOR = YES;
				GCC_WARN_UNINITIALIZED_AUTOS = YES_AGGRESSIVE;
				GCC_WARN_UNUSED_FUNCTION = YES;
				GCC_WARN_UNUSED_VARIABLE = YES;
				IPHONEOS_DEPLOYMENT_TARGET = 16.2;
				MTL_ENABLE_DEBUG_INFO = INCLUDE_SOURCE;
				MTL_FAST_MATH = YES;
				ONLY_ACTIVE_ARCH = YES;
				SDKROOT = iphoneos;
				SWIFT_ACTIVE_COMPILATION_CONDITIONS = DEBUG;
				SWIFT_OPTIMIZATION_LEVEL = "-Onone";
			};
			name = Debug;
		};
		BC14389329CDF830000A7F4D /* Release */ = {
			isa = XCBuildConfiguration;
			buildSettings = {
				ALWAYS_SEARCH_USER_PATHS = NO;
				CLANG_ANALYZER_NONNULL = YES;
				CLANG_ANALYZER_NUMBER_OBJECT_CONVERSION = YES_AGGRESSIVE;
				CLANG_CXX_LANGUAGE_STANDARD = "gnu++20";
				CLANG_ENABLE_MODULES = YES;
				CLANG_ENABLE_OBJC_ARC = YES;
				CLANG_ENABLE_OBJC_WEAK = YES;
				CLANG_WARN_BLOCK_CAPTURE_AUTORELEASING = YES;
				CLANG_WARN_BOOL_CONVERSION = YES;
				CLANG_WARN_COMMA = YES;
				CLANG_WARN_CONSTANT_CONVERSION = YES;
				CLANG_WARN_DEPRECATED_OBJC_IMPLEMENTATIONS = YES;
				CLANG_WARN_DIRECT_OBJC_ISA_USAGE = YES_ERROR;
				CLANG_WARN_DOCUMENTATION_COMMENTS = YES;
				CLANG_WARN_EMPTY_BODY = YES;
				CLANG_WARN_ENUM_CONVERSION = YES;
				CLANG_WARN_INFINITE_RECURSION = YES;
				CLANG_WARN_INT_CONVERSION = YES;
				CLANG_WARN_NON_LITERAL_NULL_CONVERSION = YES;
				CLANG_WARN_OBJC_IMPLICIT_RETAIN_SELF = YES;
				CLANG_WARN_OBJC_LITERAL_CONVERSION = YES;
				CLANG_WARN_OBJC_ROOT_CLASS = YES_ERROR;
				CLANG_WARN_QUOTED_INCLUDE_IN_FRAMEWORK_HEADER = YES;
				CLANG_WARN_RANGE_LOOP_ANALYSIS = YES;
				CLANG_WARN_STRICT_PROTOTYPES = YES;
				CLANG_WARN_SUSPICIOUS_MOVE = YES;
				CLANG_WARN_UNGUARDED_AVAILABILITY = YES_AGGRESSIVE;
				CLANG_WARN_UNREACHABLE_CODE = YES;
				CLANG_WARN__DUPLICATE_METHOD_MATCH = YES;
				COPY_PHASE_STRIP = NO;
				DEBUG_INFORMATION_FORMAT = "dwarf-with-dsym";
				ENABLE_NS_ASSERTIONS = NO;
				ENABLE_STRICT_OBJC_MSGSEND = YES;
				GCC_C_LANGUAGE_STANDARD = gnu11;
				GCC_NO_COMMON_BLOCKS = YES;
				GCC_WARN_64_TO_32_BIT_CONVERSION = YES;
				GCC_WARN_ABOUT_RETURN_TYPE = YES_ERROR;
				GCC_WARN_UNDECLARED_SELECTOR = YES;
				GCC_WARN_UNINITIALIZED_AUTOS = YES_AGGRESSIVE;
				GCC_WARN_UNUSED_FUNCTION = YES;
				GCC_WARN_UNUSED_VARIABLE = YES;
				IPHONEOS_DEPLOYMENT_TARGET = 16.2;
				MTL_ENABLE_DEBUG_INFO = NO;
				MTL_FAST_MATH = YES;
				SDKROOT = iphoneos;
				SWIFT_COMPILATION_MODE = wholemodule;
				SWIFT_OPTIMIZATION_LEVEL = "-O";
				VALIDATE_PRODUCT = YES;
			};
			name = Release;
		};
		BC14389529CDF830000A7F4D /* Debug */ = {
			isa = XCBuildConfiguration;
			baseConfigurationReference = 577EB358AA081B28C824A744 /* Pods-iTunes.debug.xcconfig */;
			buildSettings = {
				ASSETCATALOG_COMPILER_APPICON_NAME = AppIcon;
				ASSETCATALOG_COMPILER_GLOBAL_ACCENT_COLOR_NAME = AccentColor;
				CODE_SIGN_STYLE = Automatic;
				CURRENT_PROJECT_VERSION = 1;
				GENERATE_INFOPLIST_FILE = YES;
				INFOPLIST_FILE = iTunes/Info.plist;
				INFOPLIST_KEY_UIApplicationSupportsIndirectInputEvents = YES;
				INFOPLIST_KEY_UILaunchStoryboardName = LaunchScreen;
				INFOPLIST_KEY_UISupportedInterfaceOrientations_iPad = "UIInterfaceOrientationPortrait UIInterfaceOrientationPortraitUpsideDown UIInterfaceOrientationLandscapeLeft UIInterfaceOrientationLandscapeRight";
				INFOPLIST_KEY_UISupportedInterfaceOrientations_iPhone = "UIInterfaceOrientationPortrait UIInterfaceOrientationLandscapeLeft UIInterfaceOrientationLandscapeRight";
				LD_RUNPATH_SEARCH_PATHS = (
					"$(inherited)",
					"@executable_path/Frameworks",
				);
				MARKETING_VERSION = 1.0;
				PRODUCT_BUNDLE_IDENTIFIER = com.talha.iTunes;
				PRODUCT_NAME = "$(TARGET_NAME)";
				SWIFT_EMIT_LOC_STRINGS = YES;
				SWIFT_VERSION = 5.0;
				TARGETED_DEVICE_FAMILY = "1,2";
			};
			name = Debug;
		};
		BC14389629CDF830000A7F4D /* Release */ = {
			isa = XCBuildConfiguration;
			baseConfigurationReference = FFD07F43B6A0E0AA1EEE39E9 /* Pods-iTunes.release.xcconfig */;
			buildSettings = {
				ASSETCATALOG_COMPILER_APPICON_NAME = AppIcon;
				ASSETCATALOG_COMPILER_GLOBAL_ACCENT_COLOR_NAME = AccentColor;
				CODE_SIGN_STYLE = Automatic;
				CURRENT_PROJECT_VERSION = 1;
				GENERATE_INFOPLIST_FILE = YES;
				INFOPLIST_FILE = iTunes/Info.plist;
				INFOPLIST_KEY_UIApplicationSupportsIndirectInputEvents = YES;
				INFOPLIST_KEY_UILaunchStoryboardName = LaunchScreen;
				INFOPLIST_KEY_UISupportedInterfaceOrientations_iPad = "UIInterfaceOrientationPortrait UIInterfaceOrientationPortraitUpsideDown UIInterfaceOrientationLandscapeLeft UIInterfaceOrientationLandscapeRight";
				INFOPLIST_KEY_UISupportedInterfaceOrientations_iPhone = "UIInterfaceOrientationPortrait UIInterfaceOrientationLandscapeLeft UIInterfaceOrientationLandscapeRight";
				LD_RUNPATH_SEARCH_PATHS = (
					"$(inherited)",
					"@executable_path/Frameworks",
				);
				MARKETING_VERSION = 1.0;
				PRODUCT_BUNDLE_IDENTIFIER = com.talha.iTunes;
				PRODUCT_NAME = "$(TARGET_NAME)";
				SWIFT_EMIT_LOC_STRINGS = YES;
				SWIFT_VERSION = 5.0;
				TARGETED_DEVICE_FAMILY = "1,2";
			};
			name = Release;
		};
/* End XCBuildConfiguration section */

/* Begin XCConfigurationList section */
		BC14387B29CDF82C000A7F4D /* Build configuration list for PBXProject "iTunes" */ = {
			isa = XCConfigurationList;
			buildConfigurations = (
				BC14389229CDF830000A7F4D /* Debug */,
				BC14389329CDF830000A7F4D /* Release */,
			);
			defaultConfigurationIsVisible = 0;
			defaultConfigurationName = Release;
		};
		BC14389429CDF830000A7F4D /* Build configuration list for PBXNativeTarget "iTunes" */ = {
			isa = XCConfigurationList;
			buildConfigurations = (
				BC14389529CDF830000A7F4D /* Debug */,
				BC14389629CDF830000A7F4D /* Release */,
			);
			defaultConfigurationIsVisible = 0;
			defaultConfigurationName = Release;
		};
/* End XCConfigurationList section */
	};
	rootObject = BC14387829CDF82C000A7F4D /* Project object */;
}
